{
  "nodes": {
    "devshell": {
      "inputs": {
        "nixpkgs": [
          "nixvim",
          "nixpkgs"
        ]
      },
      "locked": {
        "lastModified": 1722113426,
        "narHash": "sha256-Yo/3loq572A8Su6aY5GP56knpuKYRvM2a1meP9oJZCw=",
        "owner": "numtide",
        "repo": "devshell",
        "rev": "67cce7359e4cd3c45296fb4aaf6a19e2a9c757ae",
        "type": "github"
      },
      "original": {
        "owner": "numtide",
        "repo": "devshell",
        "type": "github"
      }
    },
    "flake-compat": {
      "locked": {
        "lastModified": 1696426674,
        "narHash": "sha256-kvjfFW7WAETZlt09AgDn1MrtKzP7t90Vf7vypd3OL1U=",
        "rev": "0f9255e01c2351cc7d116c072cb317785dd33b33",
        "revCount": 57,
        "type": "tarball",
        "url": "https://api.flakehub.com/f/pinned/edolstra/flake-compat/1.0.1/018afb31-abd1-7bff-a5e4-cff7e18efb7a/source.tar.gz"
      },
      "original": {
        "type": "tarball",
        "url": "https://flakehub.com/f/edolstra/flake-compat/1.tar.gz"
      }
    },
    "flake-parts": {
      "inputs": {
        "nixpkgs-lib": "nixpkgs-lib"
      },
      "locked": {
        "lastModified": 1722555600,
        "narHash": "sha256-XOQkdLafnb/p9ij77byFQjDf5m5QYl9b2REiVClC+x4=",
        "owner": "hercules-ci",
        "repo": "flake-parts",
        "rev": "8471fe90ad337a8074e957b69ca4d0089218391d",
        "type": "github"
      },
      "original": {
        "owner": "hercules-ci",
        "repo": "flake-parts",
        "type": "github"
      }
    },
    "flake-parts_2": {
      "inputs": {
        "nixpkgs-lib": [
          "nixvim",
          "nixpkgs"
        ]
      },
      "locked": {
        "lastModified": 1722555600,
        "narHash": "sha256-XOQkdLafnb/p9ij77byFQjDf5m5QYl9b2REiVClC+x4=",
        "owner": "hercules-ci",
        "repo": "flake-parts",
        "rev": "8471fe90ad337a8074e957b69ca4d0089218391d",
        "type": "github"
      },
      "original": {
        "owner": "hercules-ci",
        "repo": "flake-parts",
        "type": "github"
      }
    },
    "flake-utils": {
      "inputs": {
        "systems": "systems"
      },
      "locked": {
        "lastModified": 1710146030,
        "narHash": "sha256-SZ5L6eA7HJ/nmkzGG7/ISclqe6oZdOZTNoesiInkXPQ=",
        "owner": "numtide",
        "repo": "flake-utils",
        "rev": "b1d9ab70662946ef0850d488da1c9019f3a9752a",
        "type": "github"
      },
      "original": {
        "owner": "numtide",
        "repo": "flake-utils",
        "type": "github"
      }
    },
    "git-hooks": {
      "inputs": {
        "flake-compat": [
          "nixvim",
          "flake-compat"
        ],
        "gitignore": "gitignore",
        "nixpkgs": [
          "nixvim",
          "nixpkgs"
        ],
        "nixpkgs-stable": [
          "nixvim",
          "nixpkgs"
        ]
      },
      "locked": {
        "lastModified": 1724227338,
        "narHash": "sha256-TuSaYdhOxeaaE9885mFO1lZHHax33GD5A9dczJrGUjw=",
        "owner": "cachix",
        "repo": "git-hooks.nix",
        "rev": "6cedaa7c1b4f82a266e5d30f212273e60d62cb0d",
        "type": "github"
      },
      "original": {
        "owner": "cachix",
        "repo": "git-hooks.nix",
        "type": "github"
      }
    },
    "gitignore": {
      "inputs": {
        "nixpkgs": [
          "nixvim",
          "git-hooks",
          "nixpkgs"
        ]
      },
      "locked": {
        "lastModified": 1709087332,
        "narHash": "sha256-HG2cCnktfHsKV0s4XW83gU3F57gaTljL9KNSuG6bnQs=",
        "owner": "hercules-ci",
        "repo": "gitignore.nix",
        "rev": "637db329424fd7e46cf4185293b9cc8c88c95394",
        "type": "github"
      },
      "original": {
        "owner": "hercules-ci",
        "repo": "gitignore.nix",
        "type": "github"
      }
    },
    "home-manager": {
      "inputs": {
        "nixpkgs": [
          "nixvim",
          "nixpkgs"
        ]
      },
      "locked": {
        "lastModified": 1723986931,
        "narHash": "sha256-Fy+KEvDQ+Hc8lJAV3t6leXhZJ2ncU5/esxkgt3b8DEY=",
        "owner": "nix-community",
        "repo": "home-manager",
        "rev": "2598861031b78aadb4da7269df7ca9ddfc3e1671",
        "type": "github"
      },
      "original": {
        "owner": "nix-community",
        "repo": "home-manager",
        "type": "github"
      }
    },
    "nix-darwin": {
      "inputs": {
        "nixpkgs": [
          "nixvim",
          "nixpkgs"
        ]
      },
      "locked": {
        "lastModified": 1724299755,
        "narHash": "sha256-P5zMA17kD9tqiqMuNXwupkM7buM3gMNtoZ1VuJTRDE4=",
        "owner": "lnl7",
        "repo": "nix-darwin",
        "rev": "a8968d88e5a537b0491f68ce910749cd870bdbef",
        "type": "github"
      },
      "original": {
        "owner": "lnl7",
        "repo": "nix-darwin",
        "type": "github"
      }
    },
    "nixpkgs": {
      "locked": {
        "lastModified": 1724224976,
        "narHash": "sha256-Z/ELQhrSd7bMzTO8r7NZgi9g5emh+aRKoCdaAv5fiO0=",
        "owner": "nixos",
        "repo": "nixpkgs",
        "rev": "c374d94f1536013ca8e92341b540eba4c22f9c62",
        "type": "github"
      },
      "original": {
        "owner": "nixos",
        "ref": "nixos-unstable",
        "repo": "nixpkgs",
        "type": "github"
      }
    },
    "nixpkgs-lib": {
      "locked": {
        "lastModified": 1722555339,
        "narHash": "sha256-uFf2QeW7eAHlYXuDktm9c25OxOyCoUOQmh5SZ9amE5Q=",
        "type": "tarball",
        "url": "https://github.com/NixOS/nixpkgs/archive/a5d394176e64ab29c852d03346c1fc9b0b7d33eb.tar.gz"
      },
      "original": {
        "type": "tarball",
        "url": "https://github.com/NixOS/nixpkgs/archive/a5d394176e64ab29c852d03346c1fc9b0b7d33eb.tar.gz"
      }
    },
    "nixpkgs_2": {
      "locked": {
        "lastModified": 1724224976,
        "narHash": "sha256-Z/ELQhrSd7bMzTO8r7NZgi9g5emh+aRKoCdaAv5fiO0=",
        "owner": "NixOS",
        "repo": "nixpkgs",
        "rev": "c374d94f1536013ca8e92341b540eba4c22f9c62",
        "type": "github"
      },
      "original": {
        "owner": "NixOS",
        "ref": "nixos-unstable",
        "repo": "nixpkgs",
        "type": "github"
      }
    },
    "nixvim": {
      "inputs": {
        "devshell": "devshell",
        "flake-compat": "flake-compat",
        "flake-parts": "flake-parts_2",
        "git-hooks": "git-hooks",
        "home-manager": "home-manager",
        "nix-darwin": "nix-darwin",
        "nixpkgs": "nixpkgs_2",
        "nuschtosSearch": "nuschtosSearch",
        "treefmt-nix": "treefmt-nix"
      },
      "locked": {
        "lastModified": 1724455584,
        "narHash": "sha256-9I5x60BDMcD4NKjw6skIVUzocVDuZlQK52JRsgD54ns=",
        "owner": "nix-community",
        "repo": "nixvim",
        "rev": "4c8d3559ac4548723eeba9861a94ab63219b0d43",
        "type": "github"
      },
      "original": {
        "owner": "nix-community",
        "repo": "nixvim",
        "type": "github"
      }
    },
    "nuschtosSearch": {
      "inputs": {
        "flake-utils": "flake-utils",
        "nixpkgs": [
          "nixvim",
          "nixpkgs"
        ]
      },
      "locked": {
        "lastModified": 1723969429,
        "narHash": "sha256-BuewfNEXEf11MIkJY+uvWsdLu1dIvgJqntWChvNdALg=",
        "owner": "NuschtOS",
        "repo": "search",
        "rev": "a05d1805f2a2bc47d230e5e92aecbf69f784f3d0",
        "type": "github"
      },
      "original": {
        "owner": "NuschtOS",
        "repo": "search",
        "type": "github"
      }
    },
    "root": {
      "inputs": {
        "flake-parts": "flake-parts",
        "nixpkgs": "nixpkgs",
        "nixvim": "nixvim",
        "vim-plugin:cder": "vim-plugin:cder",
        "vim-plugin:github-nvim-theme": "vim-plugin:github-nvim-theme",
        "vim-plugin:hydra.nvim": "vim-plugin:hydra.nvim",
        "vim-plugin:jupytext-vim": "vim-plugin:jupytext-vim",
        "vim-plugin:molten-nvim": "vim-plugin:molten-nvim",
        "vim-plugin:notebook-navigator": "vim-plugin:notebook-navigator",
        "vim-plugin:nvim-R": "vim-plugin:nvim-R",
        "vim-plugin:nvim-nextflow": "vim-plugin:nvim-nextflow",
        "vim-plugin:nvim-otter": "vim-plugin:nvim-otter",
        "vim-plugin:nvim-quarto": "vim-plugin:nvim-quarto",
        "vim-plugin:nvim-snakemake": "vim-plugin:nvim-snakemake",
        "vim-plugin:venv-selector": "vim-plugin:venv-selector"
      }
    },
    "systems": {
      "locked": {
        "lastModified": 1681028828,
        "narHash": "sha256-Vy1rq5AaRuLzOxct8nz4T6wlgyUR7zLU309k9mBC768=",
        "owner": "nix-systems",
        "repo": "default",
        "rev": "da67096a3b9bf56a91d16901293e51ba5b49a27e",
        "type": "github"
      },
      "original": {
        "owner": "nix-systems",
        "repo": "default",
        "type": "github"
      }
    },
    "treefmt-nix": {
      "inputs": {
        "nixpkgs": [
          "nixvim",
          "nixpkgs"
        ]
      },
      "locked": {
        "lastModified": 1723808491,
        "narHash": "sha256-rhis3qNuGmJmYC/okT7Dkc4M8CeUuRCSvW6kC2f3hBc=",
        "owner": "numtide",
        "repo": "treefmt-nix",
        "rev": "1d07739554fdc4f8481068f1b11d6ab4c1a4167a",
        "type": "github"
      },
      "original": {
        "owner": "numtide",
        "repo": "treefmt-nix",
        "type": "github"
      }
    },
    "vim-plugin:cder": {
      "flake": false,
      "locked": {
        "lastModified": 1720488037,
        "narHash": "sha256-2RO25+RSd7ZzuoUvM/MBp2xTrie+jh7pJsEhyJHiw0o=",
        "owner": "zane-",
        "repo": "cder.nvim",
        "rev": "0a071389bb52544ac9cf9557378aa1212dff6982",
        "type": "github"
      },
      "original": {
        "owner": "zane-",
        "repo": "cder.nvim",
        "type": "github"
      }
    },
    "vim-plugin:github-nvim-theme": {
      "flake": false,
      "locked": {
        "lastModified": 1723382669,
        "narHash": "sha256-GoJOeqbBm0b766aZtce/n1Kq2zwbQ4UKRv7qgBlgQE8=",
        "owner": "projekt0n",
        "repo": "github-nvim-theme",
        "rev": "6b461635230ccb5d0037f378fbe05a27c4ccf7cd",
        "type": "github"
      },
      "original": {
        "owner": "projekt0n",
        "repo": "github-nvim-theme",
        "type": "github"
      }
    },
    "vim-plugin:hydra.nvim": {
      "flake": false,
      "locked": {
        "lastModified": 1675678260,
        "narHash": "sha256-MBlC7qQMVNNfOFcvTnw1DREOS9QWoI4zsyu3QYqIkLc=",
        "owner": "anuvyklack",
        "repo": "hydra.nvim",
        "rev": "3ced42c0b6a6c85583ff0f221635a7f4c1ab0dd0",
        "type": "github"
      },
      "original": {
        "owner": "anuvyklack",
        "repo": "hydra.nvim",
        "type": "github"
      }
    },
    "vim-plugin:jupytext-vim": {
      "flake": false,
      "locked": {
        "lastModified": 1696563517,
        "narHash": "sha256-XNL3HLOgCNKEM5PBRaqPXlRhVPKSRXCy+ENk8+iH+nw=",
        "owner": "goerz",
        "repo": "jupytext.vim",
        "rev": "ec8f337bd5799e16a02816d04b7c91b9555d79c2",
        "type": "github"
      },
      "original": {
        "owner": "goerz",
        "repo": "jupytext.vim",
        "type": "github"
      }
    },
    "vim-plugin:molten-nvim": {
      "flake": false,
      "locked": {
        "lastModified": 1724082756,
        "narHash": "sha256-8oZ18x76vcByepXnWm5ZkbyHPQn3xtTcu/z8zey3xq0=",
        "owner": "benlubas",
        "repo": "molten-nvim",
        "rev": "eafa6aa0335a239ee333e6ca45076888b9b011ae",
        "type": "github"
      },
      "original": {
        "owner": "benlubas",
        "repo": "molten-nvim",
        "type": "github"
      }
    },
    "vim-plugin:notebook-navigator": {
      "flake": false,
      "locked": {
        "lastModified": 1716472674,
        "narHash": "sha256-+FLHJ1tfIplXhO/6kajdcDBTIsNYN9kCOR9IdhXL6d4=",
        "owner": "GCBallesteros",
        "repo": "NotebookNavigator.nvim",
        "rev": "20cb6f72939194e32eb3060578b445e5f2e7ae8b",
        "type": "github"
      },
      "original": {
        "owner": "GCBallesteros",
        "repo": "NotebookNavigator.nvim",
        "type": "github"
      }
    },
    "vim-plugin:nvim-R": {
      "flake": false,
      "locked": {
        "lastModified": 1723806951,
        "narHash": "sha256-gdGhRpaC0h+AoTB1Vw7NxzKBkU/QrhyOHFkI2rJAIEk=",
        "owner": "jalvesaq",
        "repo": "nvim-r",
        "rev": "4a4c8df9f757e9c25b0ab3426df511664d4b337a",
        "type": "github"
      },
      "original": {
        "owner": "jalvesaq",
        "repo": "nvim-r",
        "type": "github"
      }
    },
    "vim-plugin:nvim-nextflow": {
      "flake": false,
      "locked": {
        "lastModified": 1689858257,
        "narHash": "sha256-cHsFWFs8BaqcvUwcLpGgmXhQcqDx3nzZNK65smBnI6o=",
        "owner": "LokiLuciferase",
        "repo": "nextflow-vim",
        "rev": "8874124bc0637729c9d463e49174bab54e17b9e5",
        "type": "github"
      },
      "original": {
        "owner": "LokiLuciferase",
        "repo": "nextflow-vim",
        "type": "github"
      }
    },
    "vim-plugin:nvim-otter": {
      "flake": false,
      "locked": {
        "lastModified": 1723543681,
        "narHash": "sha256-7l6nbN86QzQIpBVYgA97YE0nG6eCzE9wLYeUda91mJk=",
        "owner": "jmbuhr",
        "repo": "otter.nvim",
        "rev": "3b4fa74f0a385207fa9c29b61b07178345a3dab2",
        "type": "github"
      },
      "original": {
        "owner": "jmbuhr",
        "repo": "otter.nvim",
        "type": "github"
      }
    },
    "vim-plugin:nvim-quarto": {
      "flake": false,
      "locked": {
        "lastModified": 1720561473,
        "narHash": "sha256-2XLuEAP2nrNDj+6qEgvoXn2Kj0UhH4QGYeuRD3UUR30=",
        "owner": "quarto-dev",
        "repo": "quarto-nvim",
        "rev": "eed598983fa4040eed77191f69462c1348770b8a",
        "type": "github"
      },
      "original": {
        "owner": "quarto-dev",
        "repo": "quarto-nvim",
        "type": "github"
      }
    },
    "vim-plugin:nvim-snakemake": {
      "flake": false,
      "locked": {
        "lastModified": 1655742679,
        "narHash": "sha256-c1WSHbnIkw3dpT7N6yAv0D0dYxrwShLA5LoCpLv6Qio=",
        "owner": "osthomas",
        "repo": "vim-snakemake",
        "rev": "8684d72577fcee5eb736f48aa809b2086ad39a4f",
        "type": "github"
      },
      "original": {
        "owner": "osthomas",
        "repo": "vim-snakemake",
        "type": "github"
      }
    },
    "vim-plugin:venv-selector": {
      "flake": false,
      "locked": {
        "lastModified": 1723226335,
        "narHash": "sha256-puF9GaP+o0JBARdaid4JNgwfcOH94ipJQCWi+hP98R4=",
        "owner": "linux-cultist",
        "repo": "venv-selector.nvim",
        "rev": "c43dc6bf8c7e7cf124a991775ed3defe87112d3a",
        "type": "github"
      },
      "original": {
        "owner": "linux-cultist",
        "ref": "regexp",
        "repo": "venv-selector.nvim",
        "type": "github"
      }
    }
  },
  "root": "root",
  "version": 7
}
